// !$*UTF8*$!
{
	archiveVersion = 1;
	classes = {
	};
	objectVersion = 46;
	objects = {

/* Begin PBXBuildFile section */
		DD0DC24C1C1EDD8C00C13D9E /* LoginViewController.m in Sources */ = {isa = PBXBuildFile; fileRef = DD0DC24B1C1EDD8C00C13D9E /* LoginViewController.m */; };
		DD6F6DD71C174720007BE2AD /* Constants.m in Sources */ = {isa = PBXBuildFile; fileRef = DD6F6DD61C174720007BE2AD /* Constants.m */; };
		DD7D34881C17189F005FE936 /* HTTPGetRequest.m in Sources */ = {isa = PBXBuildFile; fileRef = DD7D34871C17189F005FE936 /* HTTPGetRequest.m */; };
		DD86BF761C07675300661B85 /* main.m in Sources */ = {isa = PBXBuildFile; fileRef = DD86BF751C07675300661B85 /* main.m */; };
		DD86BF791C07675300661B85 /* AppDelegate.m in Sources */ = {isa = PBXBuildFile; fileRef = DD86BF781C07675300661B85 /* AppDelegate.m */; };
		DD86BF7C1C07675300661B85 /* ViewController.m in Sources */ = {isa = PBXBuildFile; fileRef = DD86BF7B1C07675300661B85 /* ViewController.m */; };
		DD86BF7F1C07675300661B85 /* Main.storyboard in Resources */ = {isa = PBXBuildFile; fileRef = DD86BF7D1C07675300661B85 /* Main.storyboard */; };
		DD86BF811C07675300661B85 /* Assets.xcassets in Resources */ = {isa = PBXBuildFile; fileRef = DD86BF801C07675300661B85 /* Assets.xcassets */; };
		DD86BF841C07675300661B85 /* LaunchScreen.storyboard in Resources */ = {isa = PBXBuildFile; fileRef = DD86BF821C07675300661B85 /* LaunchScreen.storyboard */; };
/* End PBXBuildFile section */

/* Begin PBXFileReference section */
		DD0DC24A1C1EDD8C00C13D9E /* LoginViewController.h */ = {isa = PBXFileReference; fileEncoding = 4; lastKnownFileType = sourcecode.c.h; path = LoginViewController.h; sourceTree = "<group>"; };
		DD0DC24B1C1EDD8C00C13D9E /* LoginViewController.m */ = {isa = PBXFileReference; fileEncoding = 4; lastKnownFileType = sourcecode.c.objc; path = LoginViewController.m; sourceTree = "<group>"; };
		DD6F6DD61C174720007BE2AD /* Constants.m */ = {isa = PBXFileReference; fileEncoding = 4; lastKnownFileType = sourcecode.c.objc; path = Constants.m; sourceTree = "<group>"; };
		DD7D34861C17189F005FE936 /* HTTPGetRequest.h */ = {isa = PBXFileReference; fileEncoding = 4; lastKnownFileType = sourcecode.c.h; path = HTTPGetRequest.h; sourceTree = "<group>"; };
		DD7D34871C17189F005FE936 /* HTTPGetRequest.m */ = {isa = PBXFileReference; fileEncoding = 4; lastKnownFileType = sourcecode.c.objc; path = HTTPGetRequest.m; sourceTree = "<group>"; };
		DD86BF711C07675300661B85 /* Attend.app */ = {isa = PBXFileReference; explicitFileType = wrapper.application; includeInIndex = 0; path = Attend.app; sourceTree = BUILT_PRODUCTS_DIR; };
		DD86BF751C07675300661B85 /* main.m */ = {isa = PBXFileReference; lastKnownFileType = sourcecode.c.objc; path = main.m; sourceTree = "<group>"; };
		DD86BF771C07675300661B85 /* AppDelegate.h */ = {isa = PBXFileReference; lastKnownFileType = sourcecode.c.h; path = AppDelegate.h; sourceTree = "<group>"; };
		DD86BF781C07675300661B85 /* AppDelegate.m */ = {isa = PBXFileReference; lastKnownFileType = sourcecode.c.objc; path = AppDelegate.m; sourceTree = "<group>"; };
		DD86BF7A1C07675300661B85 /* ViewController.h */ = {isa = PBXFileReference; lastKnownFileType = sourcecode.c.h; path = ViewController.h; sourceTree = "<group>"; };
		DD86BF7B1C07675300661B85 /* ViewController.m */ = {isa = PBXFileReference; lastKnownFileType = sourcecode.c.objc; path = ViewController.m; sourceTree = "<group>"; };
		DD86BF7E1C07675300661B85 /* Base */ = {isa = PBXFileReference; lastKnownFileType = file.storyboard; name = Base; path = Base.lproj/Main.storyboard; sourceTree = "<group>"; };
		DD86BF801C07675300661B85 /* Assets.xcassets */ = {isa = PBXFileReference; lastKnownFileType = folder.assetcatalog; path = Assets.xcassets; sourceTree = "<group>"; };
		DD86BF831C07675300661B85 /* Base */ = {isa = PBXFileReference; lastKnownFileType = file.storyboard; name = Base; path = Base.lproj/LaunchScreen.storyboard; sourceTree = "<group>"; };
		DD86BF851C07675300661B85 /* Info.plist */ = {isa = PBXFileReference; lastKnownFileType = text.plist.xml; path = Info.plist; sourceTree = "<group>"; };
/* End PBXFileReference section */

/* Begin PBXFrameworksBuildPhase section */
		DD86BF6E1C07675300661B85 /* Frameworks */ = {
			isa = PBXFrameworksBuildPhase;
			buildActionMask = 2147483647;
			files = (
			);
			runOnlyForDeploymentPostprocessing = 0;
		};
/* End PBXFrameworksBuildPhase section */

/* Begin PBXGroup section */
		DD86BF681C07675300661B85 = {
			isa = PBXGroup;
			children = (
				DD86BF731C07675300661B85 /* Attend */,
				DD86BF721C07675300661B85 /* Products */,
			);
			sourceTree = "<group>";
		};
		DD86BF721C07675300661B85 /* Products */ = {
			isa = PBXGroup;
			children = (
				DD86BF711C07675300661B85 /* Attend.app */,
			);
			name = Products;
			sourceTree = "<group>";
		};
		DD86BF731C07675300661B85 /* Attend */ = {
			isa = PBXGroup;
			children = (
				DD6F6DD61C174720007BE2AD /* Constants.m */,
				DD86BF771C07675300661B85 /* AppDelegate.h */,
				DD86BF781C07675300661B85 /* AppDelegate.m */,
				DD7D34861C17189F005FE936 /* HTTPGetRequest.h */,
				DD7D34871C17189F005FE936 /* HTTPGetRequest.m */,
				DD86BF7A1C07675300661B85 /* ViewController.h */,
				DD86BF7B1C07675300661B85 /* ViewController.m */,
				DD0DC24A1C1EDD8C00C13D9E /* LoginViewController.h */,
				DD0DC24B1C1EDD8C00C13D9E /* LoginViewController.m */,
				DD86BF7D1C07675300661B85 /* Main.storyboard */,
				DD86BF801C07675300661B85 /* Assets.xcassets */,
				DD86BF821C07675300661B85 /* LaunchScreen.storyboard */,
				DD86BF851C07675300661B85 /* Info.plist */,
				DD86BF741C07675300661B85 /* Supporting Files */,
			);
			path = Attend;
			sourceTree = "<group>";
		};
		DD86BF741C07675300661B85 /* Supporting Files */ = {
			isa = PBXGroup;
			children = (
				DD86BF751C07675300661B85 /* main.m */,
			);
			name = "Supporting Files";
			sourceTree = "<group>";
		};
/* End PBXGroup section */

/* Begin PBXNativeTarget section */
		DD86BF701C07675300661B85 /* Attend */ = {
			isa = PBXNativeTarget;
			buildConfigurationList = DD86BF881C07675300661B85 /* Build configuration list for PBXNativeTarget "Attend" */;
			buildPhases = (
				DD86BF6D1C07675300661B85 /* Sources */,
				DD86BF6E1C07675300661B85 /* Frameworks */,
				DD86BF6F1C07675300661B85 /* Resources */,
			);
			buildRules = (
			);
			dependencies = (
			);
			name = Attend;
			productName = Attend;
			productReference = DD86BF711C07675300661B85 /* Attend.app */;
			productType = "com.apple.product-type.application";
		};
/* End PBXNativeTarget section */

/* Begin PBXProject section */
		DD86BF691C07675300661B85 /* Project object */ = {
			isa = PBXProject;
			attributes = {
				LastUpgradeCheck = 0710;
				ORGANIZATIONNAME = "Tom Pullen";
				TargetAttributes = {
					DD86BF701C07675300661B85 = {
						CreatedOnToolsVersion = 7.1.1;
						DevelopmentTeam = MLEWQ3WMQX;
					};
				};
			};
			buildConfigurationList = DD86BF6C1C07675300661B85 /* Build configuration list for PBXProject "Attend" */;
			compatibilityVersion = "Xcode 3.2";
			developmentRegion = English;
			hasScannedForEncodings = 0;
			knownRegions = (
				en,
				Base,
			);
			mainGroup = DD86BF681C07675300661B85;
			productRefGroup = DD86BF721C07675300661B85 /* Products */;
			projectDirPath = "";
			projectRoot = "";
			targets = (
				DD86BF701C07675300661B85 /* Attend */,
			);
		};
/* End PBXProject section */

/* Begin PBXResourcesBuildPhase section */
		DD86BF6F1C07675300661B85 /* Resources */ = {
			isa = PBXResourcesBuildPhase;
			buildActionMask = 2147483647;
			files = (
				DD86BF841C07675300661B85 /* LaunchScreen.storyboard in Resources */,
				DD86BF811C07675300661B85 /* Assets.xcassets in Resources */,
				DD86BF7F1C07675300661B85 /* Main.storyboard in Resources */,
			);
			runOnlyForDeploymentPostprocessing = 0;
		};
/* End PBXResourcesBuildPhase section */

/* Begin PBXSourcesBuildPhase section */
		DD86BF6D1C07675300661B85 /* Sources */ = {
			isa = PBXSourcesBuildPhase;
			buildActionMask = 2147483647;
			files = (
				DD6F6DD71C174720007BE2AD /* Constants.m in Sources */,
				DD7D34881C17189F005FE936 /* HTTPGetRequest.m in Sources */,
				DD0DC24C1C1EDD8C00C13D9E /* LoginViewController.m in Sources */,
				DD86BF7C1C07675300661B85 /* ViewController.m in Sources */,
				DD86BF791C07675300661B85 /* AppDelegate.m in Sources */,
				DD86BF761C07675300661B85 /* main.m in Sources */,
			);
			runOnlyForDeploymentPostprocessing = 0;
		};
/* End PBXSourcesBuildPhase section */

/* Begin PBXVariantGroup section */
		DD86BF7D1C07675300661B85 /* Main.storyboard */ = {
			isa = PBXVariantGroup;
			children = (
				DD86BF7E1C07675300661B85 /* Base */,
			);
			name = Main.storyboard;
			sourceTree = "<group>";
		};
		DD86BF821C07675300661B85 /* LaunchScreen.storyboard */ = {
			isa = PBXVariantGroup;
			children = (
				DD86BF831C07675300661B85 /* Base */,
			);
			name = LaunchScreen.storyboard;
			sourceTree = "<group>";
		};
/* End PBXVariantGroup section */

/* Begin XCBuildConfiguration section */
		DD86BF861C07675300661B85 /* Debug */ = {
			isa = XCBuildConfiguration;
			buildSettings = {
				ALWAYS_SEARCH_USER_PATHS = NO;
				CLANG_CXX_LANGUAGE_STANDARD = "gnu++0x";
				CLANG_CXX_LIBRARY = "libc++";
				CLANG_ENABLE_MODULES = YES;
				CLANG_ENABLE_OBJC_ARC = YES;
				CLANG_WARN_BOOL_CONVERSION = YES;
				CLANG_WARN_CONSTANT_CONVERSION = YES;
				CLANG_WARN_DIRECT_OBJC_ISA_USAGE = YES_ERROR;
				CLANG_WARN_EMPTY_BODY = YES;
				CLANG_WARN_ENUM_CONVERSION = YES;
				CLANG_WARN_INT_CONVERSION = YES;
				CLANG_WARN_OBJC_ROOT_CLASS = YES_ERROR;
				CLANG_WARN_UNREACHABLE_CODE = YES;
				CLANG_WARN__DUPLICATE_METHOD_MATCH = YES;
				"CODE_SIGN_IDENTITY[sdk=iphoneos*]" = "iPhone Developer";
				COPY_PHASE_STRIP = NO;
				DEBUG_INFORMATION_FORMAT = dwarf;
				ENABLE_STRICT_OBJC_MSGSEND = YES;
				ENABLE_TESTABILITY = YES;
				GCC_C_LANGUAGE_STANDARD = gnu99;
				GCC_DYNAMIC_NO_PIC = NO;
				GCC_NO_COMMON_BLOCKS = YES;
				GCC_OPTIMIZATION_LEVEL = 0;
				GCC_PREPROCESSOR_DEFINITIONS = (
					"DEBUG=1",
					"$(inherited)",
				);
				GCC_WARN_64_TO_32_BIT_CONVERSION = YES;
				GCC_WARN_ABOUT_RETURN_TYPE = YES_ERROR;
				GCC_WARN_UNDECLARED_SELECTOR = YES;
				GCC_WARN_UNINITIALIZED_AUTOS = YES_AGGRESSIVE;
				GCC_WARN_UNUSED_FUNCTION = YES;
				GCC_WARN_UNUSED_VARIABLE = YES;
				IPHONEOS_DEPLOYMENT_TARGET = 9.1;
				MTL_ENABLE_DEBUG_INFO = YES;
				ONLY_ACTIVE_ARCH = YES;
				SDKROOT = iphoneos;
			};
			name = Debug;
		};
		DD86BF871C07675300661B85 /* Release */ = {
			isa = XCBuildConfiguration;
			buildSettings = {
				ALWAYS_SEARCH_USER_PATHS = NO;
				CLANG_CXX_LANGUAGE_STANDARD = "gnu++0x";
				CLANG_CXX_LIBRARY = "libc++";
				CLANG_ENABLE_MODULES = YES;
				CLANG_ENABLE_OBJC_ARC = YES;
				CLANG_WARN_BOOL_CONVERSION = YES;
				CLANG_WARN_CONSTANT_CONVERSION = YES;
				CLANG_WARN_DIRECT_OBJC_ISA_USAGE = YES_ERROR;
				CLANG_WARN_EMPTY_BODY = YES;
				CLANG_WARN_ENUM_CONVERSION = YES;
				CLANG_WARN_INT_CONVERSION = YES;
				CLANG_WARN_OBJC_ROOT_CLASS = YES_ERROR;
				CLANG_WARN_UNREACHABLE_CODE = YES;
				CLANG_WARN__DUPLICATE_METHOD_MATCH = YES;
				"CODE_SIGN_IDENTITY[sdk=iphoneos*]" = "iPhone Developer";
				COPY_PHASE_STRIP = NO;
				DEBUG_INFORMATION_FORMAT = "dwarf-with-dsym";
				ENABLE_NS_ASSERTIONS = NO;
				ENABLE_STRICT_OBJC_MSGSEND = YES;
				GCC_C_LANGUAGE_STANDARD = gnu99;
				GCC_NO_COMMON_BLOCKS = YES;
				GCC_WARN_64_TO_32_BIT_CONVERSION = YES;
				GCC_WARN_ABOUT_RETURN_TYPE = YES_ERROR;
				GCC_WARN_UNDECLARED_SELECTOR = YES;
				GCC_WARN_UNINITIALIZED_AUTOS = YES_AGGRESSIVE;
				GCC_WARN_UNUSED_FUNCTION = YES;
				GCC_WARN_UNUSED_VARIABLE = YES;
				IPHONEOS_DEPLOYMENT_TARGET = 9.1;
				MTL_ENABLE_DEBUG_INFO = NO;
				SDKROOT = iphoneos;
				VALIDATE_PRODUCT = YES;
			};
			name = Release;
		};
		DD86BF891C07675300661B85 /* Debug */ = {
			isa = XCBuildConfiguration;
			buildSettings = {
				ASSETCATALOG_COMPILER_APPICON_NAME = AppIcon;
				INFOPLIST_FILE = Attend/Info.plist;
				IPHONEOS_DEPLOYMENT_TARGET = 8.0;
				LD_RUNPATH_SEARCH_PATHS = "$(inherited) @executable_path/Frameworks";
				PRODUCT_BUNDLE_IDENTIFIER = self.edu.tompullen.Attend;
				PRODUCT_NAME = "$(TARGET_NAME)";
			};
			name = Debug;
		};
		DD86BF8A1C07675300661B85 /* Release */ = {
			isa = XCBuildConfiguration;
			buildSettings = {
				ASSETCATALOG_COMPILER_APPICON_NAME = AppIcon;
				INFOPLIST_FILE = Attend/Info.plist;
				IPHONEOS_DEPLOYMENT_TARGET = 8.0;
				LD_RUNPATH_SEARCH_PATHS = "$(inherited) @executable_path/Frameworks";
				PRODUCT_BUNDLE_IDENTIFIER = self.edu.tompullen.Attend;
				PRODUCT_NAME = "$(TARGET_NAME)";
			};
			name = Release;
		};
/* End XCBuildConfiguration section */

/* Begin XCConfigurationList section */
		DD86BF6C1C07675300661B85 /* Build configuration list for PBXProject "Attend" */ = {
			isa = XCConfigurationList;
			buildConfigurations = (
				DD86BF861C07675300661B85 /* Debug */,
				DD86BF871C07675300661B85 /* Release */,
			);
			defaultConfigurationIsVisible = 0;
			defaultConfigurationName = Release;
		};
		DD86BF881C07675300661B85 /* Build configuration list for PBXNativeTarget "Attend" */ = {
			isa = XCConfigurationList;
			buildConfigurations = (
				DD86BF891C07675300661B85 /* Debug */,
				DD86BF8A1C07675300661B85 /* Release */,
			);
			defaultConfigurationIsVisible = 0;
			defaultConfigurationName = Release;
		};
/* End XCConfigurationList section */
	};
	rootObject = DD86BF691C07675300661B85 /* Project object */;
}
